
Microsoft Visual Studio Solution File, Format Version 12.00
# Visual Studio 14
VisualStudioVersion = 14.0.23107.0
MinimumVisualStudioVersion = 10.0.40219.1
Project("{FAE04EC0-301F-11D3-BF4B-00C04F79EFBC}") = "GitReleaseNotes", "GitReleaseNotes\GitReleaseNotes.csproj", "{61D661AC-DC68-4862-8830-FE730C9B15FE}"
EndProject
Project("{2150E333-8FDC-42A3-9474-1A3956D46DE8}") = ".config", ".config", "{A1F62FBD-CDAC-45AF-A89F-898114F27337}"
	ProjectSection(SolutionItems) = preProject
		..\appveyor.yml = ..\appveyor.yml
		..\LICENSE = ..\LICENSE
		..\README.md = ..\README.md
	EndProjectSection
EndProject
Project("{FAE04EC0-301F-11D3-BF4B-00C04F79EFBC}") = "GitReleaseNotes.Tests", "GitReleaseNotes.Tests\GitReleaseNotes.Tests.csproj", "{CBA088EC-CF1D-43B6-A53D-ECCD89728AA9}"
EndProject
Project("{FAE04EC0-301F-11D3-BF4B-00C04F79EFBC}") = "GitReleaseNotes.Website", "GitReleaseNotes.Website\GitReleaseNotes.Website.csproj", "{9D0EC650-94D4-4BBD-92A9-8197FC7F65EE}"
EndProject
Global
	GlobalSection(SolutionConfigurationPlatforms) = preSolution
		Debug|Any CPU = Debug|Any CPU
		Release|Any CPU = Release|Any CPU
	EndGlobalSection
	GlobalSection(ProjectConfigurationPlatforms) = postSolution
		{61D661AC-DC68-4862-8830-FE730C9B15FE}.Debug|Any CPU.ActiveCfg = Debug|Any CPU
		{61D661AC-DC68-4862-8830-FE730C9B15FE}.Debug|Any CPU.Build.0 = Debug|Any CPU
		{61D661AC-DC68-4862-8830-FE730C9B15FE}.Release|Any CPU.ActiveCfg = Release|Any CPU
		{61D661AC-DC68-4862-8830-FE730C9B15FE}.Release|Any CPU.Build.0 = Release|Any CPU
		{CBA088EC-CF1D-43B6-A53D-ECCD89728AA9}.Debug|Any CPU.ActiveCfg = Debug|Any CPU
		{CBA088EC-CF1D-43B6-A53D-ECCD89728AA9}.Debug|Any CPU.Build.0 = Debug|Any CPU
		{CBA088EC-CF1D-43B6-A53D-ECCD89728AA9}.Release|Any CPU.ActiveCfg = Release|Any CPU
		{CBA088EC-CF1D-43B6-A53D-ECCD89728AA9}.Release|Any CPU.Build.0 = Release|Any CPU
		{9D0EC650-94D4-4BBD-92A9-8197FC7F65EE}.Debug|Any CPU.ActiveCfg = Debug|Any CPU
		{9D0EC650-94D4-4BBD-92A9-8197FC7F65EE}.Debug|Any CPU.Build.0 = Debug|Any CPU
		{9D0EC650-94D4-4BBD-92A9-8197FC7F65EE}.Release|Any CPU.ActiveCfg = Release|Any CPU
		{9D0EC650-94D4-4BBD-92A9-8197FC7F65EE}.Release|Any CPU.Build.0 = Release|Any CPU
	EndGlobalSection
	GlobalSection(SolutionProperties) = preSolution
		HideSolutionNode = FALSE
	EndGlobalSection
EndGlobal
